
Microsoft Visual Studio Solution File, Format Version 12.00
# Visual Studio Version 16
VisualStudioVersion = 16.0.29009.5
MinimumVisualStudioVersion = 10.0.40219.1
Project("{FAE04EC0-301F-11D3-BF4B-00C04F79EFBC}") = "Reface.AppStarter.Proxy", "Reface.AppStarter.Proxy\Reface.AppStarter.Proxy.csproj", "{5C0437D2-8DDC-4003-9D0A-B101909B2440}"
EndProject
Global
	GlobalSection(SolutionConfigurationPlatforms) = preSolution
		Debug|Any CPU = Debug|Any CPU
		Release|Any CPU = Release|Any CPU
	EndGlobalSection
	GlobalSection(ProjectConfigurationPlatforms) = postSolution
		{5C0437D2-8DDC-4003-9D0A-B101909B2440}.Debug|Any CPU.ActiveCfg = Debug|Any CPU
		{5C0437D2-8DDC-4003-9D0A-B101909B2440}.Debug|Any CPU.Build.0 = Debug|Any CPU
		{5C0437D2-8DDC-4003-9D0A-B101909B2440}.Release|Any CPU.ActiveCfg = Release|Any CPU
		{5C0437D2-8DDC-4003-9D0A-B101909B2440}.Release|Any CPU.Build.0 = Release|Any CPU
	EndGlobalSection
	GlobalSection(SolutionProperties) = preSolution
		HideSolutionNode = FALSE
	EndGlobalSection
	GlobalSection(ExtensibilityGlobals) = postSolution
		SolutionGuid = {4A1AED47-E209-42A8-9684-A0AEF7C9A25A}
	EndGlobalSection
EndGlobal
